// !$*UTF8*$!
{
	archiveVersion = 1;
	classes = {
	};
	objectVersion = 46;
	objects = {

/* Begin PBXBuildFile section */
		63220F081D08637F0073868C /* AppDelegate.swift in Sources */ = {isa = PBXBuildFile; fileRef = 63220F071D08637F0073868C /* AppDelegate.swift */; };
		63220F0A1D08637F0073868C /* ViewController.swift in Sources */ = {isa = PBXBuildFile; fileRef = 63220F091D08637F0073868C /* ViewController.swift */; };
		63220F0D1D08637F0073868C /* Main.storyboard in Resources */ = {isa = PBXBuildFile; fileRef = 63220F0B1D08637F0073868C /* Main.storyboard */; };
		63220F0F1D08637F0073868C /* Assets.xcassets in Resources */ = {isa = PBXBuildFile; fileRef = 63220F0E1D08637F0073868C /* Assets.xcassets */; };
		63220F121D08637F0073868C /* LaunchScreen.storyboard in Resources */ = {isa = PBXBuildFile; fileRef = 63220F101D08637F0073868C /* LaunchScreen.storyboard */; };
		63220F1A1D08638C0073868C /* Telemetry.swift in Sources */ = {isa = PBXBuildFile; fileRef = 63220F191D08638C0073868C /* Telemetry.swift */; };
		63220F1E1D09A83F0073868C /* Export.swift in Sources */ = {isa = PBXBuildFile; fileRef = 63220F1D1D09A83F0073868C /* Export.swift */; };
/* End PBXBuildFile section */

/* Begin PBXFileReference section */
		63220F041D08637F0073868C /* GyroTest.app */ = {isa = PBXFileReference; explicitFileType = wrapper.application; includeInIndex = 0; path = GyroTest.app; sourceTree = BUILT_PRODUCTS_DIR; };
		63220F071D08637F0073868C /* AppDelegate.swift */ = {isa = PBXFileReference; lastKnownFileType = sourcecode.swift; path = AppDelegate.swift; sourceTree = "<group>"; };
		63220F091D08637F0073868C /* ViewController.swift */ = {isa = PBXFileReference; lastKnownFileType = sourcecode.swift; path = ViewController.swift; sourceTree = "<group>"; };
		63220F0C1D08637F0073868C /* Base */ = {isa = PBXFileReference; lastKnownFileType = file.storyboard; name = Base; path = Base.lproj/Main.storyboard; sourceTree = "<group>"; };
		63220F0E1D08637F0073868C /* Assets.xcassets */ = {isa = PBXFileReference; lastKnownFileType = folder.assetcatalog; path = Assets.xcassets; sourceTree = "<group>"; };
		63220F111D08637F0073868C /* Base */ = {isa = PBXFileReference; lastKnownFileType = file.storyboard; name = Base; path = Base.lproj/LaunchScreen.storyboard; sourceTree = "<group>"; };
		63220F131D08637F0073868C /* Info.plist */ = {isa = PBXFileReference; lastKnownFileType = text.plist.xml; path = Info.plist; sourceTree = "<group>"; };
		63220F191D08638C0073868C /* Telemetry.swift */ = {isa = PBXFileReference; fileEncoding = 4; lastKnownFileType = sourcecode.swift; name = Telemetry.swift; path = ../../EmotionRecorder/EmotionRecorder/EmotionRecorder/Telemetry.swift; sourceTree = "<group>"; };
		63220F1D1D09A83F0073868C /* Export.swift */ = {isa = PBXFileReference; fileEncoding = 4; lastKnownFileType = sourcecode.swift; path = Export.swift; sourceTree = "<group>"; };
/* End PBXFileReference section */

/* Begin PBXFrameworksBuildPhase section */
		63220F011D08637F0073868C /* Frameworks */ = {
			isa = PBXFrameworksBuildPhase;
			buildActionMask = 2147483647;
			files = (
			);
			runOnlyForDeploymentPostprocessing = 0;
		};
/* End PBXFrameworksBuildPhase section */

/* Begin PBXGroup section */
		63220EFB1D08637F0073868C = {
			isa = PBXGroup;
			children = (
				63220F061D08637F0073868C /* GyroTest */,
				63220F051D08637F0073868C /* Products */,
			);
			sourceTree = "<group>";
		};
		63220F051D08637F0073868C /* Products */ = {
			isa = PBXGroup;
			children = (
				63220F041D08637F0073868C /* GyroTest.app */,
			);
			name = Products;
			sourceTree = "<group>";
		};
		63220F061D08637F0073868C /* GyroTest */ = {
			isa = PBXGroup;
			children = (
				63220F071D08637F0073868C /* AppDelegate.swift */,
				63220F091D08637F0073868C /* ViewController.swift */,
				63220F1D1D09A83F0073868C /* Export.swift */,
				63220F191D08638C0073868C /* Telemetry.swift */,
				63220F0B1D08637F0073868C /* Main.storyboard */,
				63220F0E1D08637F0073868C /* Assets.xcassets */,
				63220F101D08637F0073868C /* LaunchScreen.storyboard */,
				63220F131D08637F0073868C /* Info.plist */,
			);
			path = GyroTest;
			sourceTree = "<group>";
		};
/* End PBXGroup section */

/* Begin PBXNativeTarget section */
		63220F031D08637F0073868C /* GyroTest */ = {
			isa = PBXNativeTarget;
			buildConfigurationList = 63220F161D08637F0073868C /* Build configuration list for PBXNativeTarget "GyroTest" */;
			buildPhases = (
				63220F001D08637F0073868C /* Sources */,
				63220F011D08637F0073868C /* Frameworks */,
				63220F021D08637F0073868C /* Resources */,
			);
			buildRules = (
			);
			dependencies = (
			);
			name = GyroTest;
			productName = GyroTest;
			productReference = 63220F041D08637F0073868C /* GyroTest.app */;
			productType = "com.apple.product-type.application";
		};
/* End PBXNativeTarget section */

/* Begin PBXProject section */
		63220EFC1D08637F0073868C /* Project object */ = {
			isa = PBXProject;
			attributes = {
				LastSwiftUpdateCheck = 0730;
				LastUpgradeCheck = 0730;
				ORGANIZATIONNAME = "Cody Li";
				TargetAttributes = {
					63220F031D08637F0073868C = {
						CreatedOnToolsVersion = 7.3.1;
						DevelopmentTeam = UFU9JELR9E;
					};
				};
			};
			buildConfigurationList = 63220EFF1D08637F0073868C /* Build configuration list for PBXProject "GyroTest" */;
			compatibilityVersion = "Xcode 3.2";
			developmentRegion = English;
			hasScannedForEncodings = 0;
			knownRegions = (
				en,
				Base,
			);
			mainGroup = 63220EFB1D08637F0073868C;
			productRefGroup = 63220F051D08637F0073868C /* Products */;
			projectDirPath = "";
			projectRoot = "";
			targets = (
				63220F031D08637F0073868C /* GyroTest */,
			);
		};
/* End PBXProject section */

/* Begin PBXResourcesBuildPhase section */
		63220F021D08637F0073868C /* Resources */ = {
			isa = PBXResourcesBuildPhase;
			buildActionMask = 2147483647;
			files = (
				63220F121D08637F0073868C /* LaunchScreen.storyboard in Resources */,
				63220F0F1D08637F0073868C /* Assets.xcassets in Resources */,
				63220F0D1D08637F0073868C /* Main.storyboard in Resources */,
			);
			runOnlyForDeploymentPostprocessing = 0;
		};
/* End PBXResourcesBuildPhase section */

/* Begin PBXSourcesBuildPhase section */
		63220F001D08637F0073868C /* Sources */ = {
			isa = PBXSourcesBuildPhase;
			buildActionMask = 2147483647;
			files = (
				63220F0A1D08637F0073868C /* ViewController.swift in Sources */,
				63220F1E1D09A83F0073868C /* Export.swift in Sources */,
				63220F1A1D08638C0073868C /* Telemetry.swift in Sources */,
				63220F081D08637F0073868C /* AppDelegate.swift in Sources */,
			);
			runOnlyForDeploymentPostprocessing = 0;
		};
/* End PBXSourcesBuildPhase section */

/* Begin PBXVariantGroup section */
		63220F0B1D08637F0073868C /* Main.storyboard */ = {
			isa = PBXVariantGroup;
			children = (
				63220F0C1D08637F0073868C /* Base */,
			);
			name = Main.storyboard;
			sourceTree = "<group>";
		};
		63220F101D08637F0073868C /* LaunchScreen.storyboard */ = {
			isa = PBXVariantGroup;
			children = (
				63220F111D08637F0073868C /* Base */,
			);
			name = LaunchScreen.storyboard;
			sourceTree = "<group>";
		};
/* End PBXVariantGroup section */

/* Begin XCBuildConfiguration section */
		63220F141D08637F0073868C /* Debug */ = {
			isa = XCBuildConfiguration;
			buildSettings = {
				ALWAYS_SEARCH_USER_PATHS = NO;
				CLANG_ANALYZER_NONNULL = YES;
				CLANG_CXX_LANGUAGE_STANDARD = "gnu++0x";
				CLANG_CXX_LIBRARY = "libc++";
				CLANG_ENABLE_MODULES = YES;
				CLANG_ENABLE_OBJC_ARC = YES;
				CLANG_WARN_BOOL_CONVERSION = YES;
				CLANG_WARN_CONSTANT_CONVERSION = YES;
				CLANG_WARN_DIRECT_OBJC_ISA_USAGE = YES_ERROR;
				CLANG_WARN_EMPTY_BODY = YES;
				CLANG_WARN_ENUM_CONVERSION = YES;
				CLANG_WARN_INT_CONVERSION = YES;
				CLANG_WARN_OBJC_ROOT_CLASS = YES_ERROR;
				CLANG_WARN_UNREACHABLE_CODE = YES;
				CLANG_WARN__DUPLICATE_METHOD_MATCH = YES;
				"CODE_SIGN_IDENTITY[sdk=iphoneos*]" = "iPhone Developer";
				COPY_PHASE_STRIP = NO;
				DEBUG_INFORMATION_FORMAT = dwarf;
				ENABLE_STRICT_OBJC_MSGSEND = YES;
				ENABLE_TESTABILITY = YES;
				GCC_C_LANGUAGE_STANDARD = gnu99;
				GCC_DYNAMIC_NO_PIC = NO;
				GCC_NO_COMMON_BLOCKS = YES;
				GCC_OPTIMIZATION_LEVEL = 0;
				GCC_PREPROCESSOR_DEFINITIONS = (
					"DEBUG=1",
					"$(inherited)",
				);
				GCC_WARN_64_TO_32_BIT_CONVERSION = YES;
				GCC_WARN_ABOUT_RETURN_TYPE = YES_ERROR;
				GCC_WARN_UNDECLARED_SELECTOR = YES;
				GCC_WARN_UNINITIALIZED_AUTOS = YES_AGGRESSIVE;
				GCC_WARN_UNUSED_FUNCTION = YES;
				GCC_WARN_UNUSED_VARIABLE = YES;
				IPHONEOS_DEPLOYMENT_TARGET = 9.3;
				MTL_ENABLE_DEBUG_INFO = YES;
				ONLY_ACTIVE_ARCH = YES;
				SDKROOT = iphoneos;
				SWIFT_OPTIMIZATION_LEVEL = "-Onone";
			};
			name = Debug;
		};
		63220F151D08637F0073868C /* Release */ = {
			isa = XCBuildConfiguration;
			buildSettings = {
				ALWAYS_SEARCH_USER_PATHS = NO;
				CLANG_ANALYZER_NONNULL = YES;
				CLANG_CXX_LANGUAGE_STANDARD = "gnu++0x";
				CLANG_CXX_LIBRARY = "libc++";
				CLANG_ENABLE_MODULES = YES;
				CLANG_ENABLE_OBJC_ARC = YES;
				CLANG_WARN_BOOL_CONVERSION = YES;
				CLANG_WARN_CONSTANT_CONVERSION = YES;
				CLANG_WARN_DIRECT_OBJC_ISA_USAGE = YES_ERROR;
				CLANG_WARN_EMPTY_BODY = YES;
				CLANG_WARN_ENUM_CONVERSION = YES;
				CLANG_WARN_INT_CONVERSION = YES;
				CLANG_WARN_OBJC_ROOT_CLASS = YES_ERROR;
				CLANG_WARN_UNREACHABLE_CODE = YES;
				CLANG_WARN__DUPLICATE_METHOD_MATCH = YES;
				"CODE_SIGN_IDENTITY[sdk=iphoneos*]" = "iPhone Developer";
				COPY_PHASE_STRIP = NO;
				DEBUG_INFORMATION_FORMAT = "dwarf-with-dsym";
				ENABLE_NS_ASSERTIONS = NO;
				ENABLE_STRICT_OBJC_MSGSEND = YES;
				GCC_C_LANGUAGE_STANDARD = gnu99;
				GCC_NO_COMMON_BLOCKS = YES;
				GCC_WARN_64_TO_32_BIT_CONVERSION = YES;
				GCC_WARN_ABOUT_RETURN_TYPE = YES_ERROR;
				GCC_WARN_UNDECLARED_SELECTOR = YES;
				GCC_WARN_UNINITIALIZED_AUTOS = YES_AGGRESSIVE;
				GCC_WARN_UNUSED_FUNCTION = YES;
				GCC_WARN_UNUSED_VARIABLE = YES;
				IPHONEOS_DEPLOYMENT_TARGET = 9.3;
				MTL_ENABLE_DEBUG_INFO = NO;
				SDKROOT = iphoneos;
				VALIDATE_PRODUCT = YES;
			};
			name = Release;
		};
		63220F171D08637F0073868C /* Debug */ = {
			isa = XCBuildConfiguration;
			buildSettings = {
				ASSETCATALOG_COMPILER_APPICON_NAME = AppIcon;
				INFOPLIST_FILE = GyroTest/Info.plist;
				LD_RUNPATH_SEARCH_PATHS = "$(inherited) @executable_path/Frameworks";
				PRODUCT_BUNDLE_IDENTIFIER = CodyLi.GyroTest;
				PRODUCT_NAME = "$(TARGET_NAME)";
			};
			name = Debug;
		};
		63220F181D08637F0073868C /* Release */ = {
			isa = XCBuildConfiguration;
			buildSettings = {
				ASSETCATALOG_COMPILER_APPICON_NAME = AppIcon;
				INFOPLIST_FILE = GyroTest/Info.plist;
				LD_RUNPATH_SEARCH_PATHS = "$(inherited) @executable_path/Frameworks";
				PRODUCT_BUNDLE_IDENTIFIER = CodyLi.GyroTest;
				PRODUCT_NAME = "$(TARGET_NAME)";
			};
			name = Release;
		};
/* End XCBuildConfiguration section */

/* Begin XCConfigurationList section */
		63220EFF1D08637F0073868C /* Build configuration list for PBXProject "GyroTest" */ = {
			isa = XCConfigurationList;
			buildConfigurations = (
				63220F141D08637F0073868C /* Debug */,
				63220F151D08637F0073868C /* Release */,
			);
			defaultConfigurationIsVisible = 0;
			defaultConfigurationName = Release;
		};
		63220F161D08637F0073868C /* Build configuration list for PBXNativeTarget "GyroTest" */ = {
			isa = XCConfigurationList;
			buildConfigurations = (
				63220F171D08637F0073868C /* Debug */,
				63220F181D08637F0073868C /* Release */,
			);
			defaultConfigurationIsVisible = 0;
			defaultConfigurationName = Release;
		};
/* End XCConfigurationList section */
	};
	rootObject = 63220EFC1D08637F0073868C /* Project object */;
}
